
Microsoft Visual Studio Solution File, Format Version 12.00
# Visual Studio Version 17
VisualStudioVersion = 17.6.33815.320
MinimumVisualStudioVersion = 10.0.40219.1
Project("{FAE04EC0-301F-11D3-BF4B-00C04F79EFBC}") = "WpfApp17", "WpfApp17.csproj", "{EE837EF6-126E-4D95-B6EF-12F91FB462CF}"
EndProject
Global
	GlobalSection(SolutionConfigurationPlatforms) = preSolution
		Debug|Any CPU = Debug|Any CPU
		Release|Any CPU = Release|Any CPU
	EndGlobalSection
	GlobalSection(ProjectConfigurationPlatforms) = postSolution
		{EE837EF6-126E-4D95-B6EF-12F91FB462CF}.Debug|Any CPU.ActiveCfg = Debug|Any CPU
		{EE837EF6-126E-4D95-B6EF-12F91FB462CF}.Debug|Any CPU.Build.0 = Debug|Any CPU
		{EE837EF6-126E-4D95-B6EF-12F91FB462CF}.Release|Any CPU.ActiveCfg = Release|Any CPU
		{EE837EF6-126E-4D95-B6EF-12F91FB462CF}.Release|Any CPU.Build.0 = Release|Any CPU
	EndGlobalSection
	GlobalSection(SolutionProperties) = preSolution
		HideSolutionNode = FALSE
	EndGlobalSection
	GlobalSection(ExtensibilityGlobals) = postSolution
		SolutionGuid = {F4749040-6E40-4D18-ABAE-F22C80B69783}
	EndGlobalSection
EndGlobal
